
Microsoft Visual Studio Solution File, Format Version 12.00
# Visual Studio Version 17
VisualStudioVersion = 17.2.32519.379
MinimumVisualStudioVersion = 10.0.40219.1
Project("{FAE04EC0-301F-11D3-BF4B-00C04F79EFBC}") = "Consultado API CEP", "Consultado API CEP\Consultado API CEP.csproj", "{2F3F2207-C0D4-4532-89E5-1641B591B020}"
EndProject
Global
	GlobalSection(SolutionConfigurationPlatforms) = preSolution
		Debug|Any CPU = Debug|Any CPU
		Release|Any CPU = Release|Any CPU
	EndGlobalSection
	GlobalSection(ProjectConfigurationPlatforms) = postSolution
		{2F3F2207-C0D4-4532-89E5-1641B591B020}.Debug|Any CPU.ActiveCfg = Debug|Any CPU
		{2F3F2207-C0D4-4532-89E5-1641B591B020}.Debug|Any CPU.Build.0 = Debug|Any CPU
		{2F3F2207-C0D4-4532-89E5-1641B591B020}.Release|Any CPU.ActiveCfg = Release|Any CPU
		{2F3F2207-C0D4-4532-89E5-1641B591B020}.Release|Any CPU.Build.0 = Release|Any CPU
	EndGlobalSection
	GlobalSection(SolutionProperties) = preSolution
		HideSolutionNode = FALSE
	EndGlobalSection
	GlobalSection(ExtensibilityGlobals) = postSolution
		SolutionGuid = {BEE2E3BE-8D61-4579-B633-E39E19402599}
	EndGlobalSection
EndGlobal
